<?xml version="1.0" encoding="utf-8"?>
<Project ToolsVersion="4.0" xmlns="http://schemas.microsoft.com/developer/msbuild/2003">
  <ItemGroup>
    <Filter Include="Source Files">
      <UniqueIdentifier>{4FC737F1-C7A5-4376-A066-2A32D752A2FF}</UniqueIdentifier>
      <Extensions>cpp;c;cc;cxx;def;odl;idl;hpj;bat;asm;asmx</Extensions>
    </Filter>
    <Filter Include="Header Files">
      <UniqueIdentifier>{93995380-89BD-4b04-88EB-625FBE52EBFB}</UniqueIdentifier>
      <Extensions>h;hpp;hxx;hm;inl;inc;xsd</Extensions>
    </Filter>
    <Filter Include="Resource Files">
      <UniqueIdentifier>{67DA6AB6-F800-4c08-8B7A-83BB121AAD01}</UniqueIdentifier>
      <Extensions>rc;ico;cur;bmp;dlg;rc2;rct;bin;rgs;gif;jpg;jpeg;jpe;resx;tiff;tif;png;wav</Extensions>
    </Filter>
    <Filter Include="Utilities">
      <UniqueIdentifier>{fa8d041c-7297-452e-b09b-3ae3001bd050}</UniqueIdentifier>
    </Filter>
    <Filter Include="Header Files\provider">
      <UniqueIdentifier>{78d29b7d-6a40-4065-85e1-5cb6260f4dc3}</UniqueIdentifier>
    </Filter>
    <Filter Include="Header Files\comm">
      <UniqueIdentifier>{fa13dfe9-1281-4806-ba8a-a053732f313e}</UniqueIdentifier>
    </Filter>
    <Filter Include="Header Files\lan">
      <UniqueIdentifier>{a1118c33-b00a-4c9b-be6c-ddd431ba2412}</UniqueIdentifier>
    </Filter>
    <Filter Include="Source Files\comm">
      <UniqueIdentifier>{9da69513-8b78-441d-858f-d64a60a21487}</UniqueIdentifier>
    </Filter>
    <Filter Include="Source Files\lan">
      <UniqueIdentifier>{42e912ae-0340-46f3-b779-e77e7c216771}</UniqueIdentifier>
    </Filter>
    <Filter Include="Source Files\provider">
      <UniqueIdentifier>{9df06728-33dc-4aaa-a34c-c9bc394cd63c}</UniqueIdentifier>
    </Filter>
    <Filter Include="Header Files\packet">
      <UniqueIdentifier>{4654eae3-47d0-48b2-8f64-4d4839e5a243}</UniqueIdentifier>
    </Filter>
    <Filter Include="Source Files\packet">
      <UniqueIdentifier>{86e9b350-0714-46a9-a600-79996375deee}</UniqueIdentifier>
    </Filter>
    <Filter Include="UML">
      <UniqueIdentifier>{d83d291c-1da3-49da-80a5-6b43c1a8e855}</UniqueIdentifier>
    </Filter>
  </ItemGroup>
  <ItemGroup>
    <ClCompile Include="Crypto.cpp">
      <Filter>Utilities</Filter>
    </ClCompile>
    <ClCompile Include="Comm.cpp">
      <Filter>Source Files\comm</Filter>
    </ClCompile>
    <ClCompile Include="Dll.cpp">
      <Filter>Source Files\provider</Filter>
    </ClCompile>
    <ClCompile Include="guid.cpp">
      <Filter>Source Files\provider</Filter>
    </ClCompile>
    <ClCompile Include="PacketField.cpp">
      <Filter>Source Files\packet</Filter>
    </ClCompile>
    <ClCompile Include="ByteUtils.cpp">
      <Filter>Utilities</Filter>
    </ClCompile>
    <ClCompile Include="AbstractPacket.cpp">
      <Filter>Source Files\packet</Filter>
    </ClCompile>
    <ClCompile Include="RSAPublicKeyPacket.cpp">
      <Filter>Source Files\packet</Filter>
    </ClCompile>
    <ClCompile Include="UDPComm.cpp">
      <Filter>Source Files\lan</Filter>
    </ClCompile>
    <ClCompile Include="UDPCommResponse.cpp">
      <Filter>Source Files\lan</Filter>
    </ClCompile>
    <ClCompile Include="NFCProvider.cpp">
      <Filter>Source Files\provider</Filter>
    </ClCompile>
    <ClCompile Include="NFCCredential.cpp">
      <Filter>Source Files\provider</Filter>
    </ClCompile>
    <ClCompile Include="CommResponse.cpp">
      <Filter>Source Files\comm</Filter>
    </ClCompile>
    <ClCompile Include="Journal.cpp">
      <Filter>Utilities</Filter>
    </ClCompile>
    <ClCompile Include="RawPacket.cpp">
      <Filter>Source Files\packet</Filter>
    </ClCompile>
    <ClCompile Include="helpers.cpp">
      <Filter>Utilities</Filter>
    </ClCompile>
  </ItemGroup>
  <ItemGroup>
    <None Include="tileimage.bmp">
      <Filter>Resource Files</Filter>
    </None>
    <None Include="Register.reg">
      <Filter>Utilities</Filter>
    </None>
    <None Include="Unregister.reg">
      <Filter>Utilities</Filter>
    </None>
    <None Include="tileimageLoggedIn.bmp">
      <Filter>Resource Files</Filter>
    </None>
    <None Include="tileimageFailed.bmp">
      <Filter>Resource Files</Filter>
    </None>
    <None Include="ClassDiagram.cd">
      <Filter>UML</Filter>
    </None>
    <None Include="nfccredentialprovider.def">
      <Filter>Resource Files</Filter>
    </None>
  </ItemGroup>
  <ItemGroup>
    <ClInclude Include="common.h">
      <Filter>Header Files\provider</Filter>
    </ClInclude>
    <ClInclude Include="Dll.h">
      <Filter>Header Files\provider</Filter>
    </ClInclude>
    <ClInclude Include="guid.h">
      <Filter>Header Files\provider</Filter>
    </ClInclude>
    <ClInclude Include="resource.h">
      <Filter>Header Files\provider</Filter>
    </ClInclude>
    <ClInclude Include="Comm.h">
      <Filter>Header Files\comm</Filter>
    </ClInclude>
    <ClInclude Include="CommResponse.h">
      <Filter>Header Files\comm</Filter>
    </ClInclude>
    <ClInclude Include="CommListener.h">
      <Filter>Header Files\comm</Filter>
    </ClInclude>
    <ClInclude Include="Crypto.h">
      <Filter>Utilities</Filter>
    </ClInclude>
    <ClInclude Include="PacketField.h">
      <Filter>Header Files\packet</Filter>
    </ClInclude>
    <ClInclude Include="ByteUtils.h">
      <Filter>Utilities</Filter>
    </ClInclude>
    <ClInclude Include="RSAPublicKeyPacket.h">
      <Filter>Header Files\packet</Filter>
    </ClInclude>
    <ClInclude Include="AbstractPacket.h">
      <Filter>Header Files\packet</Filter>
    </ClInclude>
    <ClInclude Include="CharUtils.h">
      <Filter>Utilities</Filter>
    </ClInclude>
    <ClInclude Include="UDPComm.h">
      <Filter>Header Files\lan</Filter>
    </ClInclude>
    <ClInclude Include="UDPCommResponse.h">
      <Filter>Header Files\lan</Filter>
    </ClInclude>
    <ClInclude Include="NFCProvider.h">
      <Filter>Header Files\provider</Filter>
    </ClInclude>
    <ClInclude Include="NFCCredential.h">
      <Filter>Header Files\provider</Filter>
    </ClInclude>
    <ClInclude Include="Journal.h">
      <Filter>Utilities</Filter>
    </ClInclude>
    <ClInclude Include="RawPacket.h">
      <Filter>Header Files\packet</Filter>
    </ClInclude>
    <ClInclude Include="helpers.h">
      <Filter>Utilities</Filter>
    </ClInclude>
  </ItemGroup>
  <ItemGroup>
    <ResourceCompile Include="resources.rc">
      <Filter>Resource Files</Filter>
    </ResourceCompile>
  </ItemGroup>
</Project>